
Microsoft Visual Studio Solution File, Format Version 12.00
# Visual Studio 15
VisualStudioVersion = 15.0.27130.0
MinimumVisualStudioVersion = 10.0.40219.1
Project("{FAE04EC0-301F-11D3-BF4B-00C04F79EFBC}") = "Until8", "EntityFramework\Until8.csproj", "{F76BD2FC-D376-4C02-9AA3-83B2859ED4E0}"
EndProject
Project("{FAE04EC0-301F-11D3-BF4B-00C04F79EFBC}") = "Seed", "Seed\Seed.csproj", "{48B81B0E-401A-484A-9A08-AB32F545D4E0}"
EndProject
Project("{FAE04EC0-301F-11D3-BF4B-00C04F79EFBC}") = "RelationOneToMany", "RelationOneToMany\RelationOneToMany.csproj", "{672E0DF4-B297-49B8-985A-7A62623EC352}"
EndProject
Project("{FAE04EC0-301F-11D3-BF4B-00C04F79EFBC}") = "FluentApi", "FluentApi\FluentApi.csproj", "{FA527C82-9D8C-412F-8FB4-C691B7332B74}"
EndProject
Project("{FAE04EC0-301F-11D3-BF4B-00C04F79EFBC}") = "Casting", "Casting\Casting.csproj", "{895ABE9B-0054-495C-A1EA-316D0324CBEC}"
EndProject
Project("{FAE04EC0-301F-11D3-BF4B-00C04F79EFBC}") = "RelationManyToMany", "RelationManyToMany\RelationManyToMany.csproj", "{C0BF106D-E642-44B5-8A33-193B62815CAE}"
EndProject
Project("{FAE04EC0-301F-11D3-BF4B-00C04F79EFBC}") = "RelationOneToOne", "RelationOneToOne\RelationOneToOne.csproj", "{95506514-FFF7-4B7E-8788-5568E6B7AB61}"
EndProject
Global
	GlobalSection(SolutionConfigurationPlatforms) = preSolution
		Debug|Any CPU = Debug|Any CPU
		Release|Any CPU = Release|Any CPU
	EndGlobalSection
	GlobalSection(ProjectConfigurationPlatforms) = postSolution
		{F76BD2FC-D376-4C02-9AA3-83B2859ED4E0}.Debug|Any CPU.ActiveCfg = Debug|Any CPU
		{F76BD2FC-D376-4C02-9AA3-83B2859ED4E0}.Debug|Any CPU.Build.0 = Debug|Any CPU
		{F76BD2FC-D376-4C02-9AA3-83B2859ED4E0}.Release|Any CPU.ActiveCfg = Release|Any CPU
		{F76BD2FC-D376-4C02-9AA3-83B2859ED4E0}.Release|Any CPU.Build.0 = Release|Any CPU
		{48B81B0E-401A-484A-9A08-AB32F545D4E0}.Debug|Any CPU.ActiveCfg = Debug|Any CPU
		{48B81B0E-401A-484A-9A08-AB32F545D4E0}.Debug|Any CPU.Build.0 = Debug|Any CPU
		{48B81B0E-401A-484A-9A08-AB32F545D4E0}.Release|Any CPU.ActiveCfg = Release|Any CPU
		{48B81B0E-401A-484A-9A08-AB32F545D4E0}.Release|Any CPU.Build.0 = Release|Any CPU
		{672E0DF4-B297-49B8-985A-7A62623EC352}.Debug|Any CPU.ActiveCfg = Debug|Any CPU
		{672E0DF4-B297-49B8-985A-7A62623EC352}.Debug|Any CPU.Build.0 = Debug|Any CPU
		{672E0DF4-B297-49B8-985A-7A62623EC352}.Release|Any CPU.ActiveCfg = Release|Any CPU
		{672E0DF4-B297-49B8-985A-7A62623EC352}.Release|Any CPU.Build.0 = Release|Any CPU
		{FA527C82-9D8C-412F-8FB4-C691B7332B74}.Debug|Any CPU.ActiveCfg = Debug|Any CPU
		{FA527C82-9D8C-412F-8FB4-C691B7332B74}.Debug|Any CPU.Build.0 = Debug|Any CPU
		{FA527C82-9D8C-412F-8FB4-C691B7332B74}.Release|Any CPU.ActiveCfg = Release|Any CPU
		{FA527C82-9D8C-412F-8FB4-C691B7332B74}.Release|Any CPU.Build.0 = Release|Any CPU
		{895ABE9B-0054-495C-A1EA-316D0324CBEC}.Debug|Any CPU.ActiveCfg = Debug|Any CPU
		{895ABE9B-0054-495C-A1EA-316D0324CBEC}.Debug|Any CPU.Build.0 = Debug|Any CPU
		{895ABE9B-0054-495C-A1EA-316D0324CBEC}.Release|Any CPU.ActiveCfg = Release|Any CPU
		{895ABE9B-0054-495C-A1EA-316D0324CBEC}.Release|Any CPU.Build.0 = Release|Any CPU
		{C0BF106D-E642-44B5-8A33-193B62815CAE}.Debug|Any CPU.ActiveCfg = Debug|Any CPU
		{C0BF106D-E642-44B5-8A33-193B62815CAE}.Debug|Any CPU.Build.0 = Debug|Any CPU
		{C0BF106D-E642-44B5-8A33-193B62815CAE}.Release|Any CPU.ActiveCfg = Release|Any CPU
		{C0BF106D-E642-44B5-8A33-193B62815CAE}.Release|Any CPU.Build.0 = Release|Any CPU
		{95506514-FFF7-4B7E-8788-5568E6B7AB61}.Debug|Any CPU.ActiveCfg = Debug|Any CPU
		{95506514-FFF7-4B7E-8788-5568E6B7AB61}.Debug|Any CPU.Build.0 = Debug|Any CPU
		{95506514-FFF7-4B7E-8788-5568E6B7AB61}.Release|Any CPU.ActiveCfg = Release|Any CPU
		{95506514-FFF7-4B7E-8788-5568E6B7AB61}.Release|Any CPU.Build.0 = Release|Any CPU
	EndGlobalSection
	GlobalSection(SolutionProperties) = preSolution
		HideSolutionNode = FALSE
	EndGlobalSection
	GlobalSection(ExtensibilityGlobals) = postSolution
		SolutionGuid = {90432F7F-A8AD-4DF6-9BF5-ADFB2A4B47BA}
	EndGlobalSection
EndGlobal
